
Microsoft Visual Studio Solution File, Format Version 12.00
# Visual Studio Version 16
VisualStudioVersion = 25.0.1706.10
MinimumVisualStudioVersion = 10.0.40219.1
Project("{FAE04EC0-301F-11D3-BF4B-00C04F79EFBC}") = "MiniConsoleAppTask", "MiniConsoleAppTask\MiniConsoleAppTask.csproj", "{775C7404-ABE5-4302-9DA9-2F6D011A5699}"
EndProject
Project("{2150E333-8FDC-42A3-9474-1A3956D46DE8}") = "Solution Items", "Solution Items", "{1CB3948B-942E-4B4B-A4EB-755582B94253}"
	ProjectSection(SolutionItems) = preProject
		.editorconfig = .editorconfig
	EndProjectSection
EndProject
Global
	GlobalSection(SolutionConfigurationPlatforms) = preSolution
		Debug|Any CPU = Debug|Any CPU
		Release|Any CPU = Release|Any CPU
	EndGlobalSection
	GlobalSection(ProjectConfigurationPlatforms) = postSolution
		{775C7404-ABE5-4302-9DA9-2F6D011A5699}.Debug|Any CPU.ActiveCfg = Debug|Any CPU
		{775C7404-ABE5-4302-9DA9-2F6D011A5699}.Debug|Any CPU.Build.0 = Debug|Any CPU
		{775C7404-ABE5-4302-9DA9-2F6D011A5699}.Release|Any CPU.ActiveCfg = Release|Any CPU
		{775C7404-ABE5-4302-9DA9-2F6D011A5699}.Release|Any CPU.Build.0 = Release|Any CPU
	EndGlobalSection
	GlobalSection(SolutionProperties) = preSolution
		HideSolutionNode = FALSE
	EndGlobalSection
	GlobalSection(ExtensibilityGlobals) = postSolution
		SolutionGuid = {EDE7DC8E-BAA0-4014-8B50-4BDE66A57617}
	EndGlobalSection
EndGlobal
